
Microsoft Visual Studio Solution File, Format Version 12.00
# Visual Studio Version 16
VisualStudioVersion = 16.0.32901.82
MinimumVisualStudioVersion = 10.0.40219.1
Project("{FAE04EC0-301F-11D3-BF4B-00C04F79EFBC}") = "Masives", "Masives\Masives.csproj", "{2B296F84-BC62-4DDC-83AD-9F0991186057}"
EndProject
Project("{FAE04EC0-301F-11D3-BF4B-00C04F79EFBC}") = "Masives_1", "Masives_1\Masives_1.csproj", "{5384553F-1D95-4838-A86C-132A7BDC3E64}"
EndProject
Project("{FAE04EC0-301F-11D3-BF4B-00C04F79EFBC}") = "Masives_2", "Masives_2\Masives_2.csproj", "{A22E629F-48C9-4A3F-A275-9BB832283290}"
EndProject
Project("{FAE04EC0-301F-11D3-BF4B-00C04F79EFBC}") = "Masives_3", "Masives_3\Masives_3.csproj", "{55C92375-4607-4486-A2D6-409A4AD47A59}"
EndProject
Project("{FAE04EC0-301F-11D3-BF4B-00C04F79EFBC}") = "Masives_4", "Masives_4\Masives_4.csproj", "{67D90AF6-93BC-4643-B115-0AB50C8BF76D}"
EndProject
Project("{FAE04EC0-301F-11D3-BF4B-00C04F79EFBC}") = "Masives_5", "Masives_5\Masives_5.csproj", "{9F6EDD3D-B340-4DFE-96EE-6D7F01FEEE0F}"
EndProject
Global
	GlobalSection(SolutionConfigurationPlatforms) = preSolution
		Debug|Any CPU = Debug|Any CPU
		Release|Any CPU = Release|Any CPU
	EndGlobalSection
	GlobalSection(ProjectConfigurationPlatforms) = postSolution
		{2B296F84-BC62-4DDC-83AD-9F0991186057}.Debug|Any CPU.ActiveCfg = Debug|Any CPU
		{2B296F84-BC62-4DDC-83AD-9F0991186057}.Debug|Any CPU.Build.0 = Debug|Any CPU
		{2B296F84-BC62-4DDC-83AD-9F0991186057}.Release|Any CPU.ActiveCfg = Release|Any CPU
		{2B296F84-BC62-4DDC-83AD-9F0991186057}.Release|Any CPU.Build.0 = Release|Any CPU
		{5384553F-1D95-4838-A86C-132A7BDC3E64}.Debug|Any CPU.ActiveCfg = Debug|Any CPU
		{5384553F-1D95-4838-A86C-132A7BDC3E64}.Debug|Any CPU.Build.0 = Debug|Any CPU
		{5384553F-1D95-4838-A86C-132A7BDC3E64}.Release|Any CPU.ActiveCfg = Release|Any CPU
		{5384553F-1D95-4838-A86C-132A7BDC3E64}.Release|Any CPU.Build.0 = Release|Any CPU
		{A22E629F-48C9-4A3F-A275-9BB832283290}.Debug|Any CPU.ActiveCfg = Debug|Any CPU
		{A22E629F-48C9-4A3F-A275-9BB832283290}.Debug|Any CPU.Build.0 = Debug|Any CPU
		{A22E629F-48C9-4A3F-A275-9BB832283290}.Release|Any CPU.ActiveCfg = Release|Any CPU
		{A22E629F-48C9-4A3F-A275-9BB832283290}.Release|Any CPU.Build.0 = Release|Any CPU
		{55C92375-4607-4486-A2D6-409A4AD47A59}.Debug|Any CPU.ActiveCfg = Debug|Any CPU
		{55C92375-4607-4486-A2D6-409A4AD47A59}.Debug|Any CPU.Build.0 = Debug|Any CPU
		{55C92375-4607-4486-A2D6-409A4AD47A59}.Release|Any CPU.ActiveCfg = Release|Any CPU
		{55C92375-4607-4486-A2D6-409A4AD47A59}.Release|Any CPU.Build.0 = Release|Any CPU
		{67D90AF6-93BC-4643-B115-0AB50C8BF76D}.Debug|Any CPU.ActiveCfg = Debug|Any CPU
		{67D90AF6-93BC-4643-B115-0AB50C8BF76D}.Debug|Any CPU.Build.0 = Debug|Any CPU
		{67D90AF6-93BC-4643-B115-0AB50C8BF76D}.Release|Any CPU.ActiveCfg = Release|Any CPU
		{67D90AF6-93BC-4643-B115-0AB50C8BF76D}.Release|Any CPU.Build.0 = Release|Any CPU
		{9F6EDD3D-B340-4DFE-96EE-6D7F01FEEE0F}.Debug|Any CPU.ActiveCfg = Debug|Any CPU
		{9F6EDD3D-B340-4DFE-96EE-6D7F01FEEE0F}.Debug|Any CPU.Build.0 = Debug|Any CPU
		{9F6EDD3D-B340-4DFE-96EE-6D7F01FEEE0F}.Release|Any CPU.ActiveCfg = Release|Any CPU
		{9F6EDD3D-B340-4DFE-96EE-6D7F01FEEE0F}.Release|Any CPU.Build.0 = Release|Any CPU
	EndGlobalSection
	GlobalSection(SolutionProperties) = preSolution
		HideSolutionNode = FALSE
	EndGlobalSection
	GlobalSection(ExtensibilityGlobals) = postSolution
		SolutionGuid = {CC63C5C8-7B03-4193-BEB1-2937812DCC43}
	EndGlobalSection
EndGlobal
